
Microsoft Visual Studio Solution File, Format Version 12.00
Project("{FAE04EC0-301F-11D3-BF4B-00C04F79EFBC}") = "TaskService.API", "TaskService.API\TaskService.API.csproj", "{8E477B81-B516-4895-9D02-D716EFF5213C}"
EndProject
Global
	GlobalSection(SolutionConfigurationPlatforms) = preSolution
		Debug|Any CPU = Debug|Any CPU
		Release|Any CPU = Release|Any CPU
	EndGlobalSection
	GlobalSection(ProjectConfigurationPlatforms) = postSolution
		{8E477B81-B516-4895-9D02-D716EFF5213C}.Debug|Any CPU.ActiveCfg = Debug|Any CPU
		{8E477B81-B516-4895-9D02-D716EFF5213C}.Debug|Any CPU.Build.0 = Debug|Any CPU
		{8E477B81-B516-4895-9D02-D716EFF5213C}.Release|Any CPU.ActiveCfg = Release|Any CPU
		{8E477B81-B516-4895-9D02-D716EFF5213C}.Release|Any CPU.Build.0 = Release|Any CPU
	EndGlobalSection
EndGlobal
