
Microsoft Visual Studio Solution File, Format Version 12.00
Project("{FAE04EC0-301F-11D3-BF4B-00C04F79EFBC}") = "LoggingService", "LoggingService\LoggingService.csproj", "{92EF1112-3FEA-4928-9CCA-74CB1563DDBB}"
EndProject
Global
	GlobalSection(SolutionConfigurationPlatforms) = preSolution
		Debug|Any CPU = Debug|Any CPU
		Release|Any CPU = Release|Any CPU
	EndGlobalSection
	GlobalSection(ProjectConfigurationPlatforms) = postSolution
		{92EF1112-3FEA-4928-9CCA-74CB1563DDBB}.Debug|Any CPU.ActiveCfg = Debug|Any CPU
		{92EF1112-3FEA-4928-9CCA-74CB1563DDBB}.Debug|Any CPU.Build.0 = Debug|Any CPU
		{92EF1112-3FEA-4928-9CCA-74CB1563DDBB}.Release|Any CPU.ActiveCfg = Release|Any CPU
		{92EF1112-3FEA-4928-9CCA-74CB1563DDBB}.Release|Any CPU.Build.0 = Release|Any CPU
	EndGlobalSection
EndGlobal
