
Microsoft Visual Studio Solution File, Format Version 12.00
Project("{FAE04EC0-301F-11D3-BF4B-00C04F79EFBC}") = "AuthService.Domain", "AuthService.Domain\AuthService.Domain.csproj", "{7CBBCA86-349C-453A-9C04-2BF6C68B0BDF}"
EndProject
Project("{FAE04EC0-301F-11D3-BF4B-00C04F79EFBC}") = "AuthService.Application", "AuthService.Application\AuthService.Application.csproj", "{F7D87208-297D-4E79-B66A-C2B12482BE67}"
EndProject
Project("{FAE04EC0-301F-11D3-BF4B-00C04F79EFBC}") = "AuthService.Infrastructure", "AuthService.Infrastructure\AuthService.Infrastructure.csproj", "{358A967F-492E-473C-A9C1-5D5671389F83}"
EndProject
Project("{FAE04EC0-301F-11D3-BF4B-00C04F79EFBC}") = "AuthService.API", "AuthService.API\AuthService.API.csproj", "{58703640-64FE-4228-99BE-CC25BA19BBA1}"
EndProject
Global
	GlobalSection(SolutionConfigurationPlatforms) = preSolution
		Debug|Any CPU = Debug|Any CPU
		Release|Any CPU = Release|Any CPU
	EndGlobalSection
	GlobalSection(ProjectConfigurationPlatforms) = postSolution
		{7CBBCA86-349C-453A-9C04-2BF6C68B0BDF}.Debug|Any CPU.ActiveCfg = Debug|Any CPU
		{7CBBCA86-349C-453A-9C04-2BF6C68B0BDF}.Debug|Any CPU.Build.0 = Debug|Any CPU
		{7CBBCA86-349C-453A-9C04-2BF6C68B0BDF}.Release|Any CPU.ActiveCfg = Release|Any CPU
		{7CBBCA86-349C-453A-9C04-2BF6C68B0BDF}.Release|Any CPU.Build.0 = Release|Any CPU
		{F7D87208-297D-4E79-B66A-C2B12482BE67}.Debug|Any CPU.ActiveCfg = Debug|Any CPU
		{F7D87208-297D-4E79-B66A-C2B12482BE67}.Debug|Any CPU.Build.0 = Debug|Any CPU
		{F7D87208-297D-4E79-B66A-C2B12482BE67}.Release|Any CPU.ActiveCfg = Release|Any CPU
		{F7D87208-297D-4E79-B66A-C2B12482BE67}.Release|Any CPU.Build.0 = Release|Any CPU
		{358A967F-492E-473C-A9C1-5D5671389F83}.Debug|Any CPU.ActiveCfg = Debug|Any CPU
		{358A967F-492E-473C-A9C1-5D5671389F83}.Debug|Any CPU.Build.0 = Debug|Any CPU
		{358A967F-492E-473C-A9C1-5D5671389F83}.Release|Any CPU.ActiveCfg = Release|Any CPU
		{358A967F-492E-473C-A9C1-5D5671389F83}.Release|Any CPU.Build.0 = Release|Any CPU
		{58703640-64FE-4228-99BE-CC25BA19BBA1}.Debug|Any CPU.ActiveCfg = Debug|Any CPU
		{58703640-64FE-4228-99BE-CC25BA19BBA1}.Debug|Any CPU.Build.0 = Debug|Any CPU
		{58703640-64FE-4228-99BE-CC25BA19BBA1}.Release|Any CPU.ActiveCfg = Release|Any CPU
		{58703640-64FE-4228-99BE-CC25BA19BBA1}.Release|Any CPU.Build.0 = Release|Any CPU
	EndGlobalSection
EndGlobal
